
Microsoft Visual Studio Solution File, Format Version 11.00
# Visual C# Express 2010
Project("{FAE04EC0-301F-11D3-BF4B-00C04F79EFBC}") = "King of Monsters", "King of Monsters\King of Monsters\King of Monsters.csproj", "{11E8729A-673F-4355-B9EA-51B109B8310E}"
EndProject
Project("{FAE04EC0-301F-11D3-BF4B-00C04F79EFBC}") = "King of MonstersContent", "King of Monsters\King of MonstersContent\King of MonstersContent.contentproj", "{7C89A954-02A9-40FA-BEAE-1F6E3CC13F46}"
EndProject
Project("{FAE04EC0-301F-11D3-BF4B-00C04F79EFBC}") = "Banana Engine", "Banana Engine\Banana Engine.csproj", "{F89D573E-0E29-49D5-8C21-4EBAB827BB09}"
EndProject
Global
	GlobalSection(SolutionConfigurationPlatforms) = preSolution
		Debug|x86 = Debug|x86
		Release|x86 = Release|x86
	EndGlobalSection
	GlobalSection(ProjectConfigurationPlatforms) = postSolution
		{11E8729A-673F-4355-B9EA-51B109B8310E}.Debug|x86.ActiveCfg = Debug|x86
		{11E8729A-673F-4355-B9EA-51B109B8310E}.Debug|x86.Build.0 = Debug|x86
		{11E8729A-673F-4355-B9EA-51B109B8310E}.Release|x86.ActiveCfg = Release|x86
		{11E8729A-673F-4355-B9EA-51B109B8310E}.Release|x86.Build.0 = Release|x86
		{7C89A954-02A9-40FA-BEAE-1F6E3CC13F46}.Debug|x86.ActiveCfg = Debug|x86
		{7C89A954-02A9-40FA-BEAE-1F6E3CC13F46}.Release|x86.ActiveCfg = Release|x86
		{F89D573E-0E29-49D5-8C21-4EBAB827BB09}.Debug|x86.ActiveCfg = Debug|x86
		{F89D573E-0E29-49D5-8C21-4EBAB827BB09}.Debug|x86.Build.0 = Debug|x86
		{F89D573E-0E29-49D5-8C21-4EBAB827BB09}.Release|x86.ActiveCfg = Release|x86
		{F89D573E-0E29-49D5-8C21-4EBAB827BB09}.Release|x86.Build.0 = Release|x86
	EndGlobalSection
	GlobalSection(SolutionProperties) = preSolution
		HideSolutionNode = FALSE
	EndGlobalSection
EndGlobal
